{
  "name": "xgx-support-qm-deployment",
  "version": "0.0.0",
  "lockfileVersion": 3,
  "requires": true,
  "packages": {
    "": {
      "name": "xgx-support-qm-deployment",
      "version": "0.0.0",
      "dependencies": {
        "@yc-software/qm": "0.1.4"
      },
      "engines": {
        "node": ">=24.0.0"
      }
    },
    "node_modules/@yc-software/qm": {
      "version": "0.1.4",
      "resolved": "https://registry.npmjs.org/@yc-software/qm/-/qm-0.1.4.tgz",
      "integrity": "sha512-L3WWtV+yjhBq7ARYJxNzTpV4cdvw8ZCYXVk0kRUUPjKwH7NObz8newikeCZwijvpmEEEnDLTi02O+nowQTDC4Q==",
      "license": "MIT",
      "bin": {
        "qm": "dist/bin/qm.js"
      },
      "engines": {
        "node": ">=24.0.0"
      }
    }
  }
}
